// !$*UTF8*$!
{
	archiveVersion = 1;
	classes = {
	};
	objectVersion = 46;
	objects = {

/* Begin PBXBuildFile section */
		552FCA6E1D53CF660024D781 /* AppDelegate.swift in Sources */ = {isa = PBXBuildFile; fileRef = 552FCA6D1D53CF660024D781 /* AppDelegate.swift */; };
		552FCA701D53CF660024D781 /* ViewController.swift in Sources */ = {isa = PBXBuildFile; fileRef = 552FCA6F1D53CF660024D781 /* ViewController.swift */; };
		552FCA731D53CF660024D781 /* Main.storyboard in Resources */ = {isa = PBXBuildFile; fileRef = 552FCA711D53CF660024D781 /* Main.storyboard */; };
		552FCA751D53CF660024D781 /* Assets.xcassets in Resources */ = {isa = PBXBuildFile; fileRef = 552FCA741D53CF660024D781 /* Assets.xcassets */; };
		552FCA781D53CF660024D781 /* LaunchScreen.storyboard in Resources */ = {isa = PBXBuildFile; fileRef = 552FCA761D53CF660024D781 /* LaunchScreen.storyboard */; };
/* End PBXBuildFile section */

/* Begin PBXFileReference section */
		552FCA6A1D53CF660024D781 /* StretchySnacks.app */ = {isa = PBXFileReference; explicitFileType = wrapper.application; includeInIndex = 0; path = StretchySnacks.app; sourceTree = BUILT_PRODUCTS_DIR; };
		552FCA6D1D53CF660024D781 /* AppDelegate.swift */ = {isa = PBXFileReference; lastKnownFileType = sourcecode.swift; path = AppDelegate.swift; sourceTree = "<group>"; };
		552FCA6F1D53CF660024D781 /* ViewController.swift */ = {isa = PBXFileReference; lastKnownFileType = sourcecode.swift; path = ViewController.swift; sourceTree = "<group>"; };
		552FCA721D53CF660024D781 /* Base */ = {isa = PBXFileReference; lastKnownFileType = file.storyboard; name = Base; path = Base.lproj/Main.storyboard; sourceTree = "<group>"; };
		552FCA741D53CF660024D781 /* Assets.xcassets */ = {isa = PBXFileReference; lastKnownFileType = folder.assetcatalog; path = Assets.xcassets; sourceTree = "<group>"; };
		552FCA771D53CF660024D781 /* Base */ = {isa = PBXFileReference; lastKnownFileType = file.storyboard; name = Base; path = Base.lproj/LaunchScreen.storyboard; sourceTree = "<group>"; };
		552FCA791D53CF660024D781 /* Info.plist */ = {isa = PBXFileReference; lastKnownFileType = text.plist.xml; path = Info.plist; sourceTree = "<group>"; };
/* End PBXFileReference section */

/* Begin PBXFrameworksBuildPhase section */
		552FCA671D53CF660024D781 /* Frameworks */ = {
			isa = PBXFrameworksBuildPhase;
			buildActionMask = 2147483647;
			files = (
			);
			runOnlyForDeploymentPostprocessing = 0;
		};
/* End PBXFrameworksBuildPhase section */

/* Begin PBXGroup section */
		552FCA611D53CF660024D781 = {
			isa = PBXGroup;
			children = (
				552FCA6C1D53CF660024D781 /* StretchySnacks */,
				552FCA6B1D53CF660024D781 /* Products */,
			);
			sourceTree = "<group>";
		};
		552FCA6B1D53CF660024D781 /* Products */ = {
			isa = PBXGroup;
			children = (
				552FCA6A1D53CF660024D781 /* StretchySnacks.app */,
			);
			name = Products;
			sourceTree = "<group>";
		};
		552FCA6C1D53CF660024D781 /* StretchySnacks */ = {
			isa = PBXGroup;
			children = (
				552FCA6D1D53CF660024D781 /* AppDelegate.swift */,
				552FCA6F1D53CF660024D781 /* ViewController.swift */,
				552FCA711D53CF660024D781 /* Main.storyboard */,
				552FCA741D53CF660024D781 /* Assets.xcassets */,
				552FCA761D53CF660024D781 /* LaunchScreen.storyboard */,
				552FCA791D53CF660024D781 /* Info.plist */,
			);
			path = StretchySnacks;
			sourceTree = "<group>";
		};
/* End PBXGroup section */

/* Begin PBXNativeTarget section */
		552FCA691D53CF660024D781 /* StretchySnacks */ = {
			isa = PBXNativeTarget;
			buildConfigurationList = 552FCA7C1D53CF660024D781 /* Build configuration list for PBXNativeTarget "StretchySnacks" */;
			buildPhases = (
				552FCA661D53CF660024D781 /* Sources */,
				552FCA671D53CF660024D781 /* Frameworks */,
				552FCA681D53CF660024D781 /* Resources */,
			);
			buildRules = (
			);
			dependencies = (
			);
			name = StretchySnacks;
			productName = StretchySnacks;
			productReference = 552FCA6A1D53CF660024D781 /* StretchySnacks.app */;
			productType = "com.apple.product-type.application";
		};
/* End PBXNativeTarget section */

/* Begin PBXProject section */
		552FCA621D53CF660024D781 /* Project object */ = {
			isa = PBXProject;
			attributes = {
				LastSwiftUpdateCheck = 0730;
				LastUpgradeCheck = 0730;
				ORGANIZATIONNAME = "thomas minshull";
				TargetAttributes = {
					552FCA691D53CF660024D781 = {
						CreatedOnToolsVersion = 7.3.1;
					};
				};
			};
			buildConfigurationList = 552FCA651D53CF660024D781 /* Build configuration list for PBXProject "StretchySnacks" */;
			compatibilityVersion = "Xcode 3.2";
			developmentRegion = English;
			hasScannedForEncodings = 0;
			knownRegions = (
				en,
				Base,
			);
			mainGroup = 552FCA611D53CF660024D781;
			productRefGroup = 552FCA6B1D53CF660024D781 /* Products */;
			projectDirPath = "";
			projectRoot = "";
			targets = (
				552FCA691D53CF660024D781 /* StretchySnacks */,
			);
		};
/* End PBXProject section */

/* Begin PBXResourcesBuildPhase section */
		552FCA681D53CF660024D781 /* Resources */ = {
			isa = PBXResourcesBuildPhase;
			buildActionMask = 2147483647;
			files = (
				552FCA781D53CF660024D781 /* LaunchScreen.storyboard in Resources */,
				552FCA751D53CF660024D781 /* Assets.xcassets in Resources */,
				552FCA731D53CF660024D781 /* Main.storyboard in Resources */,
			);
			runOnlyForDeploymentPostprocessing = 0;
		};
/* End PBXResourcesBuildPhase section */

/* Begin PBXSourcesBuildPhase section */
		552FCA661D53CF660024D781 /* Sources */ = {
			isa = PBXSourcesBuildPhase;
			buildActionMask = 2147483647;
			files = (
				552FCA701D53CF660024D781 /* ViewController.swift in Sources */,
				552FCA6E1D53CF660024D781 /* AppDelegate.swift in Sources */,
			);
			runOnlyForDeploymentPostprocessing = 0;
		};
/* End PBXSourcesBuildPhase section */

/* Begin PBXVariantGroup section */
		552FCA711D53CF660024D781 /* Main.storyboard */ = {
			isa = PBXVariantGroup;
			children = (
				552FCA721D53CF660024D781 /* Base */,
			);
			name = Main.storyboard;
			sourceTree = "<group>";
		};
		552FCA761D53CF660024D781 /* LaunchScreen.storyboard */ = {
			isa = PBXVariantGroup;
			children = (
				552FCA771D53CF660024D781 /* Base */,
			);
			name = LaunchScreen.storyboard;
			sourceTree = "<group>";
		};
/* End PBXVariantGroup section */

/* Begin XCBuildConfiguration section */
		552FCA7A1D53CF660024D781 /* Debug */ = {
			isa = XCBuildConfiguration;
			buildSettings = {
				ALWAYS_SEARCH_USER_PATHS = NO;
				CLANG_ANALYZER_NONNULL = YES;
				CLANG_CXX_LANGUAGE_STANDARD = "gnu++0x";
				CLANG_CXX_LIBRARY = "libc++";
				CLANG_ENABLE_MODULES = YES;
				CLANG_ENABLE_OBJC_ARC = YES;
				CLANG_WARN_BOOL_CONVERSION = YES;
				CLANG_WARN_CONSTANT_CONVERSION = YES;
				CLANG_WARN_DIRECT_OBJC_ISA_USAGE = YES_ERROR;
				CLANG_WARN_EMPTY_BODY = YES;
				CLANG_WARN_ENUM_CONVERSION = YES;
				CLANG_WARN_INT_CONVERSION = YES;
				CLANG_WARN_OBJC_ROOT_CLASS = YES_ERROR;
				CLANG_WARN_UNREACHABLE_CODE = YES;
				CLANG_WARN__DUPLICATE_METHOD_MATCH = YES;
				"CODE_SIGN_IDENTITY[sdk=iphoneos*]" = "iPhone Developer";
				COPY_PHASE_STRIP = NO;
				DEBUG_INFORMATION_FORMAT = dwarf;
				ENABLE_STRICT_OBJC_MSGSEND = YES;
				ENABLE_TESTABILITY = YES;
				GCC_C_LANGUAGE_STANDARD = gnu99;
				GCC_DYNAMIC_NO_PIC = NO;
				GCC_NO_COMMON_BLOCKS = YES;
				GCC_OPTIMIZATION_LEVEL = 0;
				GCC_PREPROCESSOR_DEFINITIONS = (
					"DEBUG=1",
					"$(inherited)",
				);
				GCC_WARN_64_TO_32_BIT_CONVERSION = YES;
				GCC_WARN_ABOUT_RETURN_TYPE = YES_ERROR;
				GCC_WARN_UNDECLARED_SELECTOR = YES;
				GCC_WARN_UNINITIALIZED_AUTOS = YES_AGGRESSIVE;
				GCC_WARN_UNUSED_FUNCTION = YES;
				GCC_WARN_UNUSED_VARIABLE = YES;
				IPHONEOS_DEPLOYMENT_TARGET = 9.3;
				MTL_ENABLE_DEBUG_INFO = YES;
				ONLY_ACTIVE_ARCH = YES;
				SDKROOT = iphoneos;
				SWIFT_OPTIMIZATION_LEVEL = "-Onone";
				TARGETED_DEVICE_FAMILY = "1,2";
			};
			name = Debug;
		};
		552FCA7B1D53CF660024D781 /* Release */ = {
			isa = XCBuildConfiguration;
			buildSettings = {
				ALWAYS_SEARCH_USER_PATHS = NO;
				CLANG_ANALYZER_NONNULL = YES;
				CLANG_CXX_LANGUAGE_STANDARD = "gnu++0x";
				CLANG_CXX_LIBRARY = "libc++";
				CLANG_ENABLE_MODULES = YES;
				CLANG_ENABLE_OBJC_ARC = YES;
				CLANG_WARN_BOOL_CONVERSION = YES;
				CLANG_WARN_CONSTANT_CONVERSION = YES;
				CLANG_WARN_DIRECT_OBJC_ISA_USAGE = YES_ERROR;
				CLANG_WARN_EMPTY_BODY = YES;
				CLANG_WARN_ENUM_CONVERSION = YES;
				CLANG_WARN_INT_CONVERSION = YES;
				CLANG_WARN_OBJC_ROOT_CLASS = YES_ERROR;
				CLANG_WARN_UNREACHABLE_CODE = YES;
				CLANG_WARN__DUPLICATE_METHOD_MATCH = YES;
				"CODE_SIGN_IDENTITY[sdk=iphoneos*]" = "iPhone Developer";
				COPY_PHASE_STRIP = NO;
				DEBUG_INFORMATION_FORMAT = "dwarf-with-dsym";
				ENABLE_NS_ASSERTIONS = NO;
				ENABLE_STRICT_OBJC_MSGSEND = YES;
				GCC_C_LANGUAGE_STANDARD = gnu99;
				GCC_NO_COMMON_BLOCKS = YES;
				GCC_WARN_64_TO_32_BIT_CONVERSION = YES;
				GCC_WARN_ABOUT_RETURN_TYPE = YES_ERROR;
				GCC_WARN_UNDECLARED_SELECTOR = YES;
				GCC_WARN_UNINITIALIZED_AUTOS = YES_AGGRESSIVE;
				GCC_WARN_UNUSED_FUNCTION = YES;
				GCC_WARN_UNUSED_VARIABLE = YES;
				IPHONEOS_DEPLOYMENT_TARGET = 9.3;
				MTL_ENABLE_DEBUG_INFO = NO;
				SDKROOT = iphoneos;
				TARGETED_DEVICE_FAMILY = "1,2";
				VALIDATE_PRODUCT = YES;
			};
			name = Release;
		};
		552FCA7D1D53CF660024D781 /* Debug */ = {
			isa = XCBuildConfiguration;
			buildSettings = {
				ASSETCATALOG_COMPILER_APPICON_NAME = AppIcon;
				INFOPLIST_FILE = StretchySnacks/Info.plist;
				LD_RUNPATH_SEARCH_PATHS = "$(inherited) @executable_path/Frameworks";
				PRODUCT_BUNDLE_IDENTIFIER = com.tomm.StretchySnacks;
				PRODUCT_NAME = "$(TARGET_NAME)";
			};
			name = Debug;
		};
		552FCA7E1D53CF660024D781 /* Release */ = {
			isa = XCBuildConfiguration;
			buildSettings = {
				ASSETCATALOG_COMPILER_APPICON_NAME = AppIcon;
				INFOPLIST_FILE = StretchySnacks/Info.plist;
				LD_RUNPATH_SEARCH_PATHS = "$(inherited) @executable_path/Frameworks";
				PRODUCT_BUNDLE_IDENTIFIER = com.tomm.StretchySnacks;
				PRODUCT_NAME = "$(TARGET_NAME)";
			};
			name = Release;
		};
/* End XCBuildConfiguration section */

/* Begin XCConfigurationList section */
		552FCA651D53CF660024D781 /* Build configuration list for PBXProject "StretchySnacks" */ = {
			isa = XCConfigurationList;
			buildConfigurations = (
				552FCA7A1D53CF660024D781 /* Debug */,
				552FCA7B1D53CF660024D781 /* Release */,
			);
			defaultConfigurationIsVisible = 0;
			defaultConfigurationName = Release;
		};
		552FCA7C1D53CF660024D781 /* Build configuration list for PBXNativeTarget "StretchySnacks" */ = {
			isa = XCConfigurationList;
			buildConfigurations = (
				552FCA7D1D53CF660024D781 /* Debug */,
				552FCA7E1D53CF660024D781 /* Release */,
			);
			defaultConfigurationIsVisible = 0;
		};
/* End XCConfigurationList section */
	};
	rootObject = 552FCA621D53CF660024D781 /* Project object */;
}
